{
    "_readme": [
        "This file locks the dependencies of your project to a known state",
        "Read more about it at https://getcomposer.org/doc/01-basic-usage.md#installing-dependencies",
        "This file is @generated automatically"
    ],
    "content-hash": "dde955d5377b93e9f9102682cd2bc120",
    "packages": [
        {
            "name": "civicrm/composer-downloads-plugin",
            "version": "v3.0.1",
            "source": {
                "type": "git",
                "url": "https://github.com/civicrm/composer-downloads-plugin.git",
                "reference": "3aabb6d259a86158d01829fc2c62a2afb9618877"
            },
            "dist": {
                "type": "zip",
                "url": "https://api.github.com/repos/civicrm/composer-downloads-plugin/zipball/3aabb6d259a86158d01829fc2c62a2afb9618877",
                "reference": "3aabb6d259a86158d01829fc2c62a2afb9618877",
                "shasum": ""
            },
            "require": {
                "composer-plugin-api": "^1.1 || ^2.0",
                "php": ">=5.6",
                "togos/gitignore": "~1.1.1"
            },
            "require-dev": {
                "composer/composer": "~1.0 || ~2.0",
                "friendsofphp/php-cs-fixer": "^2.3",
                "phpunit/phpunit": "^5.7",
                "totten/process-helper": "^1.0.1"
            },
            "type": "composer-plugin",
            "extra": {
                "class": "LastCall\\DownloadsPlugin\\Plugin"
            },
            "autoload": {
                "psr-4": {
                    "LastCall\\DownloadsPlugin\\": "src/"
                }
            },
            "notification-url": "https://packagist.org/downloads/",
            "license": [
                "MIT"
            ],
            "authors": [
                {
                    "name": "Rob Bayliss",
                    "email": "rob@lastcallmedia.com"
                },
                {
                    "name": "Tim Otten",
                    "email": "totten@civicrm.org"
                }
            ],
            "description": "Composer plugin for downloading additional files within any composer package.",
            "support": {
                "source": "https://github.com/civicrm/composer-downloads-plugin/tree/v3.0.1"
            },
            "time": "2020-11-02T05:26:23+00:00"
        },
        {
            "name": "dnoegel/php-xdg-base-dir",
            "version": "v0.1.1",
            "source": {
                "type": "git",
                "url": "https://github.com/dnoegel/php-xdg-base-dir.git",
                "reference": "8f8a6e48c5ecb0f991c2fdcf5f154a47d85f9ffd"
            },
            "dist": {
                "type": "zip",
                "url": "https://api.github.com/repos/dnoegel/php-xdg-base-dir/zipball/8f8a6e48c5ecb0f991c2fdcf5f154a47d85f9ffd",
                "reference": "8f8a6e48c5ecb0f991c2fdcf5f154a47d85f9ffd",
                "shasum": ""
            },
            "require": {
                "php": ">=5.3.2"
            },
            "require-dev": {
                "phpunit/phpunit": "~7.0|~6.0|~5.0|~4.8.35"
            },
            "type": "library",
            "autoload": {
                "psr-4": {
                    "XdgBaseDir\\": "src/"
                }
            },
            "notification-url": "https://packagist.org/downloads/",
            "license": [
                "MIT"
            ],
            "description": "implementation of xdg base directory specification for php",
            "time": "2019-12-04T15:06:13+00:00"
        },
        {
            "name": "jakub-onderka/php-console-color",
            "version": "v0.2",
            "source": {
                "type": "git",
                "url": "https://github.com/JakubOnderka/PHP-Console-Color.git",
                "reference": "d5deaecff52a0d61ccb613bb3804088da0307191"
            },
            "dist": {
                "type": "zip",
                "url": "https://api.github.com/repos/JakubOnderka/PHP-Console-Color/zipball/d5deaecff52a0d61ccb613bb3804088da0307191",
                "reference": "d5deaecff52a0d61ccb613bb3804088da0307191",
                "shasum": ""
            },
            "require": {
                "php": ">=5.4.0"
            },
            "require-dev": {
                "jakub-onderka/php-code-style": "1.0",
                "jakub-onderka/php-parallel-lint": "1.0",
                "jakub-onderka/php-var-dump-check": "0.*",
                "phpunit/phpunit": "~4.3",
                "squizlabs/php_codesniffer": "1.*"
            },
            "type": "library",
            "autoload": {
                "psr-4": {
                    "JakubOnderka\\PhpConsoleColor\\": "src/"
                }
            },
            "notification-url": "https://packagist.org/downloads/",
            "license": [
                "BSD-2-Clause"
            ],
            "authors": [
                {
                    "name": "Jakub Onderka",
                    "email": "jakub.onderka@gmail.com"
                }
            ],
            "abandoned": "php-parallel-lint/php-console-color",
            "time": "2018-09-29T17:23:10+00:00"
        },
        {
            "name": "jakub-onderka/php-console-highlighter",
            "version": "v0.4",
            "source": {
                "type": "git",
                "url": "https://github.com/JakubOnderka/PHP-Console-Highlighter.git",
                "reference": "9f7a229a69d52506914b4bc61bfdb199d90c5547"
            },
            "dist": {
                "type": "zip",
                "url": "https://api.github.com/repos/JakubOnderka/PHP-Console-Highlighter/zipball/9f7a229a69d52506914b4bc61bfdb199d90c5547",
                "reference": "9f7a229a69d52506914b4bc61bfdb199d90c5547",
                "shasum": ""
            },
            "require": {
                "ext-tokenizer": "*",
                "jakub-onderka/php-console-color": "~0.2",
                "php": ">=5.4.0"
            },
            "require-dev": {
                "jakub-onderka/php-code-style": "~1.0",
                "jakub-onderka/php-parallel-lint": "~1.0",
                "jakub-onderka/php-var-dump-check": "~0.1",
                "phpunit/phpunit": "~4.0",
                "squizlabs/php_codesniffer": "~1.5"
            },
            "type": "library",
            "autoload": {
                "psr-4": {
                    "JakubOnderka\\PhpConsoleHighlighter\\": "src/"
                }
            },
            "notification-url": "https://packagist.org/downloads/",
            "license": [
                "MIT"
            ],
            "authors": [
                {
                    "name": "Jakub Onderka",
                    "email": "acci@acci.cz",
                    "homepage": "http://www.acci.cz/"
                }
            ],
            "description": "Highlight PHP code in terminal",
            "abandoned": "php-parallel-lint/php-console-highlighter",
            "time": "2018-09-29T18:48:56+00:00"
        },
        {
            "name": "nikic/php-parser",
            "version": "v3.1.5",
            "source": {
                "type": "git",
                "url": "https://github.com/nikic/PHP-Parser.git",
                "reference": "bb87e28e7d7b8d9a7fda231d37457c9210faf6ce"
            },
            "dist": {
                "type": "zip",
                "url": "https://api.github.com/repos/nikic/PHP-Parser/zipball/bb87e28e7d7b8d9a7fda231d37457c9210faf6ce",
                "reference": "bb87e28e7d7b8d9a7fda231d37457c9210faf6ce",
                "shasum": ""
            },
            "require": {
                "ext-tokenizer": "*",
                "php": ">=5.5"
            },
            "require-dev": {
                "phpunit/phpunit": "~4.0|~5.0"
            },
            "bin": [
                "bin/php-parse"
            ],
            "type": "library",
            "extra": {
                "branch-alias": {
                    "dev-master": "3.0-dev"
                }
            },
            "autoload": {
                "psr-4": {
                    "PhpParser\\": "lib/PhpParser"
                }
            },
            "notification-url": "https://packagist.org/downloads/",
            "license": [
                "BSD-3-Clause"
            ],
            "authors": [
                {
                    "name": "Nikita Popov"
                }
            ],
            "description": "A PHP parser written in PHP",
            "keywords": [
                "parser",
                "php"
            ],
            "time": "2018-02-28T20:30:58+00:00"
        },
        {
            "name": "psr/log",
            "version": "1.0.2",
            "source": {
                "type": "git",
                "url": "https://github.com/php-fig/log.git",
                "reference": "4ebe3a8bf773a19edfe0a84b6585ba3d401b724d"
            },
            "dist": {
                "type": "zip",
                "url": "https://api.github.com/repos/php-fig/log/zipball/4ebe3a8bf773a19edfe0a84b6585ba3d401b724d",
                "reference": "4ebe3a8bf773a19edfe0a84b6585ba3d401b724d",
                "shasum": ""
            },
            "require": {
                "php": ">=5.3.0"
            },
            "type": "library",
            "extra": {
                "branch-alias": {
                    "dev-master": "1.0.x-dev"
                }
            },
            "autoload": {
                "psr-4": {
                    "Psr\\Log\\": "Psr/Log/"
                }
            },
            "notification-url": "https://packagist.org/downloads/",
            "license": [
                "MIT"
            ],
            "authors": [
                {
                    "name": "PHP-FIG",
                    "homepage": "http://www.php-fig.org/"
                }
            ],
            "description": "Common interface for logging libraries",
            "homepage": "https://github.com/php-fig/log",
            "keywords": [
                "log",
                "psr",
                "psr-3"
            ],
            "time": "2016-10-10T12:19:37+00:00"
        },
        {
            "name": "psy/psysh",
            "version": "v0.10.2",
            "source": {
                "type": "git",
                "url": "https://github.com/bobthecow/psysh.git",
                "reference": "573c2362c3cdebe846b4adae4b630eecb350afd8"
            },
            "dist": {
                "type": "zip",
                "url": "https://api.github.com/repos/bobthecow/psysh/zipball/573c2362c3cdebe846b4adae4b630eecb350afd8",
                "reference": "573c2362c3cdebe846b4adae4b630eecb350afd8",
                "shasum": ""
            },
            "require": {
                "dnoegel/php-xdg-base-dir": "0.1.*",
                "ext-json": "*",
                "ext-tokenizer": "*",
                "jakub-onderka/php-console-highlighter": "0.4.*|0.3.*",
                "nikic/php-parser": "~4.0|~3.0|~2.0|~1.3",
                "php": "^8.0 || ^7.0 || ^5.5.9",
                "symfony/console": "~5.0|~4.0|~3.0|^2.4.2|~2.3.10",
                "symfony/var-dumper": "~5.0|~4.0|~3.0|~2.7"
            },
            "require-dev": {
                "bamarni/composer-bin-plugin": "^1.2",
                "hoa/console": "~3.16|~2.15"
            },
            "suggest": {
                "ext-pcntl": "Enabling the PCNTL extension makes PsySH a lot happier :)",
                "ext-pdo-sqlite": "The doc command requires SQLite to work.",
                "ext-posix": "If you have PCNTL, you'll want the POSIX extension as well.",
                "ext-readline": "Enables support for arrow-key history navigation, and showing and manipulating command history.",
                "hoa/console": "A pure PHP readline implementation. You'll want this if your PHP install doesn't already support readline or libedit."
            },
            "bin": [
                "bin/psysh"
            ],
            "type": "library",
            "extra": {
                "branch-alias": {
                    "dev-master": "0.10.x-dev"
                }
            },
            "autoload": {
                "files": [
                    "src/functions.php"
                ],
                "psr-4": {
                    "Psy\\": "src/"
                }
            },
            "notification-url": "https://packagist.org/downloads/",
            "license": [
                "MIT"
            ],
            "authors": [
                {
                    "name": "Justin Hileman",
                    "email": "justin@justinhileman.info",
                    "homepage": "http://justinhileman.com"
                }
            ],
            "description": "An interactive shell for modern PHP.",
            "homepage": "http://psysh.org",
            "keywords": [
                "REPL",
                "console",
                "interactive",
                "shell"
            ],
            "time": "2020-03-21T06:55:27+00:00"
        },
        {
            "name": "symfony/console",
            "version": "v2.8.15",
            "source": {
                "type": "git",
                "url": "https://github.com/symfony/console.git",
                "reference": "d5643cd095e5e37d31e004bb2606b5dd7e96602f"
            },
            "dist": {
                "type": "zip",
                "url": "https://api.github.com/repos/symfony/console/zipball/d5643cd095e5e37d31e004bb2606b5dd7e96602f",
                "reference": "d5643cd095e5e37d31e004bb2606b5dd7e96602f",
                "shasum": ""
            },
            "require": {
                "php": ">=5.3.9",
                "symfony/debug": "~2.7,>=2.7.2|~3.0.0",
                "symfony/polyfill-mbstring": "~1.0"
            },
            "require-dev": {
                "psr/log": "~1.0",
                "symfony/event-dispatcher": "~2.1|~3.0.0",
                "symfony/process": "~2.1|~3.0.0"
            },
            "suggest": {
                "psr/log": "For using the console logger",
                "symfony/event-dispatcher": "",
                "symfony/process": ""
            },
            "type": "library",
            "extra": {
                "branch-alias": {
                    "dev-master": "2.8-dev"
                }
            },
            "autoload": {
                "psr-4": {
                    "Symfony\\Component\\Console\\": ""
                },
                "exclude-from-classmap": [
                    "/Tests/"
                ]
            },
            "notification-url": "https://packagist.org/downloads/",
            "license": [
                "MIT"
            ],
            "authors": [
                {
                    "name": "Fabien Potencier",
                    "email": "fabien@symfony.com"
                },
                {
                    "name": "Symfony Community",
                    "homepage": "https://symfony.com/contributors"
                }
            ],
            "description": "Symfony Console Component",
            "homepage": "https://symfony.com",
            "time": "2016-12-06T11:59:35+00:00"
        },
        {
            "name": "symfony/debug",
            "version": "v2.8.15",
            "source": {
                "type": "git",
                "url": "https://github.com/symfony/debug.git",
                "reference": "62a68f640456f6761d752c62d81631428ef0d8a1"
            },
            "dist": {
                "type": "zip",
                "url": "https://api.github.com/repos/symfony/debug/zipball/62a68f640456f6761d752c62d81631428ef0d8a1",
                "reference": "62a68f640456f6761d752c62d81631428ef0d8a1",
                "shasum": ""
            },
            "require": {
                "php": ">=5.3.9",
                "psr/log": "~1.0"
            },
            "conflict": {
                "symfony/http-kernel": ">=2.3,<2.3.24|~2.4.0|>=2.5,<2.5.9|>=2.6,<2.6.2"
            },
            "require-dev": {
                "symfony/class-loader": "~2.2|~3.0.0",
                "symfony/http-kernel": "~2.3.24|~2.5.9|~2.6,>=2.6.2|~3.0.0"
            },
            "type": "library",
            "extra": {
                "branch-alias": {
                    "dev-master": "2.8-dev"
                }
            },
            "autoload": {
                "psr-4": {
                    "Symfony\\Component\\Debug\\": ""
                },
                "exclude-from-classmap": [
                    "/Tests/"
                ]
            },
            "notification-url": "https://packagist.org/downloads/",
            "license": [
                "MIT"
            ],
            "authors": [
                {
                    "name": "Fabien Potencier",
                    "email": "fabien@symfony.com"
                },
                {
                    "name": "Symfony Community",
                    "homepage": "https://symfony.com/contributors"
                }
            ],
            "description": "Symfony Debug Component",
            "homepage": "https://symfony.com",
            "time": "2016-11-15T12:53:17+00:00"
        },
        {
            "name": "symfony/filesystem",
            "version": "v4.4.27",
            "source": {
                "type": "git",
                "url": "https://github.com/symfony/filesystem.git",
                "reference": "517fb795794faf29086a77d99eb8f35e457837a7"
            },
            "dist": {
                "type": "zip",
                "url": "https://api.github.com/repos/symfony/filesystem/zipball/517fb795794faf29086a77d99eb8f35e457837a7",
                "reference": "517fb795794faf29086a77d99eb8f35e457837a7",
                "shasum": ""
            },
            "require": {
                "php": ">=7.1.3",
                "symfony/polyfill-ctype": "~1.8",
                "symfony/polyfill-php80": "^1.16"
            },
            "type": "library",
            "autoload": {
                "psr-4": {
                    "Symfony\\Component\\Filesystem\\": ""
                },
                "exclude-from-classmap": [
                    "/Tests/"
                ]
            },
            "notification-url": "https://packagist.org/downloads/",
            "license": [
                "MIT"
            ],
            "authors": [
                {
                    "name": "Fabien Potencier",
                    "email": "fabien@symfony.com"
                },
                {
                    "name": "Symfony Community",
                    "homepage": "https://symfony.com/contributors"
                }
            ],
            "description": "Provides basic utilities for the filesystem",
            "homepage": "https://symfony.com",
            "funding": [
                {
                    "url": "https://symfony.com/sponsor",
                    "type": "custom"
                },
                {
                    "url": "https://github.com/fabpot",
                    "type": "github"
                },
                {
                    "url": "https://tidelift.com/funding/github/packagist/symfony/symfony",
                    "type": "tidelift"
                }
            ],
            "time": "2021-07-21T12:19:41+00:00"
        },
        {
            "name": "symfony/polyfill-ctype",
            "version": "v1.15.0",
            "source": {
                "type": "git",
                "url": "https://github.com/symfony/polyfill-ctype.git",
                "reference": "4719fa9c18b0464d399f1a63bf624b42b6fa8d14"
            },
            "dist": {
                "type": "zip",
                "url": "https://api.github.com/repos/symfony/polyfill-ctype/zipball/4719fa9c18b0464d399f1a63bf624b42b6fa8d14",
                "reference": "4719fa9c18b0464d399f1a63bf624b42b6fa8d14",
                "shasum": ""
            },
            "require": {
                "php": ">=5.3.3"
            },
            "suggest": {
                "ext-ctype": "For best performance"
            },
            "type": "library",
            "extra": {
                "branch-alias": {
                    "dev-master": "1.15-dev"
                }
            },
            "autoload": {
                "psr-4": {
                    "Symfony\\Polyfill\\Ctype\\": ""
                },
                "files": [
                    "bootstrap.php"
                ]
            },
            "notification-url": "https://packagist.org/downloads/",
            "license": [
                "MIT"
            ],
            "authors": [
                {
                    "name": "Gert de Pagter",
                    "email": "BackEndTea@gmail.com"
                },
                {
                    "name": "Symfony Community",
                    "homepage": "https://symfony.com/contributors"
                }
            ],
            "description": "Symfony polyfill for ctype functions",
            "homepage": "https://symfony.com",
            "keywords": [
                "compatibility",
                "ctype",
                "polyfill",
                "portable"
            ],
            "funding": [
                {
                    "url": "https://symfony.com/sponsor",
                    "type": "custom"
                },
                {
                    "url": "https://github.com/fabpot",
                    "type": "github"
                },
                {
                    "url": "https://tidelift.com/funding/github/packagist/symfony/symfony",
                    "type": "tidelift"
                }
            ],
            "time": "2020-02-27T09:26:54+00:00"
        },
        {
            "name": "symfony/polyfill-mbstring",
            "version": "v1.15.0",
            "source": {
                "type": "git",
                "url": "https://github.com/symfony/polyfill-mbstring.git",
                "reference": "81ffd3a9c6d707be22e3012b827de1c9775fc5ac"
            },
            "dist": {
                "type": "zip",
                "url": "https://api.github.com/repos/symfony/polyfill-mbstring/zipball/81ffd3a9c6d707be22e3012b827de1c9775fc5ac",
                "reference": "81ffd3a9c6d707be22e3012b827de1c9775fc5ac",
                "shasum": ""
            },
            "require": {
                "php": ">=5.3.3"
            },
            "suggest": {
                "ext-mbstring": "For best performance"
            },
            "type": "library",
            "extra": {
                "branch-alias": {
                    "dev-master": "1.15-dev"
                }
            },
            "autoload": {
                "psr-4": {
                    "Symfony\\Polyfill\\Mbstring\\": ""
                },
                "files": [
                    "bootstrap.php"
                ]
            },
            "notification-url": "https://packagist.org/downloads/",
            "license": [
                "MIT"
            ],
            "authors": [
                {
                    "name": "Nicolas Grekas",
                    "email": "p@tchwork.com"
                },
                {
                    "name": "Symfony Community",
                    "homepage": "https://symfony.com/contributors"
                }
            ],
            "description": "Symfony polyfill for the Mbstring extension",
            "homepage": "https://symfony.com",
            "keywords": [
                "compatibility",
                "mbstring",
                "polyfill",
                "portable",
                "shim"
            ],
            "funding": [
                {
                    "url": "https://symfony.com/sponsor",
                    "type": "custom"
                },
                {
                    "url": "https://github.com/fabpot",
                    "type": "github"
                },
                {
                    "url": "https://tidelift.com/funding/github/packagist/symfony/symfony",
                    "type": "tidelift"
                }
            ],
            "time": "2020-03-09T19:04:49+00:00"
        },
        {
            "name": "symfony/polyfill-php80",
            "version": "v1.23.1",
            "source": {
                "type": "git",
                "url": "https://github.com/symfony/polyfill-php80.git",
                "reference": "1100343ed1a92e3a38f9ae122fc0eb21602547be"
            },
            "dist": {
                "type": "zip",
                "url": "https://api.github.com/repos/symfony/polyfill-php80/zipball/1100343ed1a92e3a38f9ae122fc0eb21602547be",
                "reference": "1100343ed1a92e3a38f9ae122fc0eb21602547be",
                "shasum": ""
            },
            "require": {
                "php": ">=7.1"
            },
            "type": "library",
            "extra": {
                "branch-alias": {
                    "dev-main": "1.23-dev"
                },
                "thanks": {
                    "name": "symfony/polyfill",
                    "url": "https://github.com/symfony/polyfill"
                }
            },
            "autoload": {
                "psr-4": {
                    "Symfony\\Polyfill\\Php80\\": ""
                },
                "files": [
                    "bootstrap.php"
                ],
                "classmap": [
                    "Resources/stubs"
                ]
            },
            "notification-url": "https://packagist.org/downloads/",
            "license": [
                "MIT"
            ],
            "authors": [
                {
                    "name": "Ion Bazan",
                    "email": "ion.bazan@gmail.com"
                },
                {
                    "name": "Nicolas Grekas",
                    "email": "p@tchwork.com"
                },
                {
                    "name": "Symfony Community",
                    "homepage": "https://symfony.com/contributors"
                }
            ],
            "description": "Symfony polyfill backporting some PHP 8.0+ features to lower PHP versions",
            "homepage": "https://symfony.com",
            "keywords": [
                "compatibility",
                "polyfill",
                "portable",
                "shim"
            ],
            "funding": [
                {
                    "url": "https://symfony.com/sponsor",
                    "type": "custom"
                },
                {
                    "url": "https://github.com/fabpot",
                    "type": "github"
                },
                {
                    "url": "https://tidelift.com/funding/github/packagist/symfony/symfony",
                    "type": "tidelift"
                }
            ],
            "time": "2021-07-28T13:41:28+00:00"
        },
        {
            "name": "symfony/process",
            "version": "v4.4.35",
            "source": {
                "type": "git",
                "url": "https://github.com/symfony/process.git",
                "reference": "c2098705326addae6e6742151dfade47ac71da1b"
            },
            "dist": {
                "type": "zip",
                "url": "https://api.github.com/repos/symfony/process/zipball/c2098705326addae6e6742151dfade47ac71da1b",
                "reference": "c2098705326addae6e6742151dfade47ac71da1b",
                "shasum": ""
            },
            "require": {
                "php": ">=7.1.3",
                "symfony/polyfill-php80": "^1.16"
            },
            "type": "library",
            "autoload": {
                "psr-4": {
                    "Symfony\\Component\\Process\\": ""
                },
                "exclude-from-classmap": [
                    "/Tests/"
                ]
            },
            "notification-url": "https://packagist.org/downloads/",
            "license": [
                "MIT"
            ],
            "authors": [
                {
                    "name": "Fabien Potencier",
                    "email": "fabien@symfony.com"
                },
                {
                    "name": "Symfony Community",
                    "homepage": "https://symfony.com/contributors"
                }
            ],
            "description": "Executes commands in sub-processes",
            "homepage": "https://symfony.com",
            "funding": [
                {
                    "url": "https://symfony.com/sponsor",
                    "type": "custom"
                },
                {
                    "url": "https://github.com/fabpot",
                    "type": "github"
                },
                {
                    "url": "https://tidelift.com/funding/github/packagist/symfony/symfony",
                    "type": "tidelift"
                }
            ],
            "time": "2021-11-22T22:36:24+00:00"
        },
        {
            "name": "symfony/var-dumper",
            "version": "v3.4.38",
            "source": {
                "type": "git",
                "url": "https://github.com/symfony/var-dumper.git",
                "reference": "07801f3330aea80d58cbd125ad13a2f0b26c9d18"
            },
            "dist": {
                "type": "zip",
                "url": "https://api.github.com/repos/symfony/var-dumper/zipball/07801f3330aea80d58cbd125ad13a2f0b26c9d18",
                "reference": "07801f3330aea80d58cbd125ad13a2f0b26c9d18",
                "shasum": ""
            },
            "require": {
                "php": "^5.5.9|>=7.0.8",
                "symfony/polyfill-mbstring": "~1.0"
            },
            "conflict": {
                "phpunit/phpunit": "<4.8.35|<5.4.3,>=5.0"
            },
            "require-dev": {
                "ext-iconv": "*",
                "twig/twig": "~1.34|~2.4"
            },
            "suggest": {
                "ext-iconv": "To convert non-UTF-8 strings to UTF-8 (or symfony/polyfill-iconv in case ext-iconv cannot be used).",
                "ext-intl": "To show region name in time zone dump",
                "ext-symfony_debug": ""
            },
            "type": "library",
            "extra": {
                "branch-alias": {
                    "dev-master": "3.4-dev"
                }
            },
            "autoload": {
                "files": [
                    "Resources/functions/dump.php"
                ],
                "psr-4": {
                    "Symfony\\Component\\VarDumper\\": ""
                },
                "exclude-from-classmap": [
                    "/Tests/"
                ]
            },
            "notification-url": "https://packagist.org/downloads/",
            "license": [
                "MIT"
            ],
            "authors": [
                {
                    "name": "Nicolas Grekas",
                    "email": "p@tchwork.com"
                },
                {
                    "name": "Symfony Community",
                    "homepage": "https://symfony.com/contributors"
                }
            ],
            "description": "Symfony mechanism for exploring and dumping PHP variables",
            "homepage": "https://symfony.com",
            "keywords": [
                "debug",
                "dump"
            ],
            "funding": [
                {
                    "url": "https://symfony.com/sponsor",
                    "type": "custom"
                },
                {
                    "url": "https://github.com/fabpot",
                    "type": "github"
                },
                {
                    "url": "https://tidelift.com/funding/github/packagist/symfony/symfony",
                    "type": "tidelift"
                }
            ],
            "time": "2020-02-14T12:39:29+00:00"
        },
        {
            "name": "togos/gitignore",
            "version": "1.1.1",
            "source": {
                "type": "git",
                "url": "https://github.com/TOGoS/PHPGitIgnore.git",
                "reference": "32bc0830e4123f670adcbf5ddda5bef362f4f4d4"
            },
            "dist": {
                "type": "zip",
                "url": "https://api.github.com/repos/TOGoS/PHPGitIgnore/zipball/32bc0830e4123f670adcbf5ddda5bef362f4f4d4",
                "reference": "32bc0830e4123f670adcbf5ddda5bef362f4f4d4",
                "shasum": ""
            },
            "require": {
                "php": ">=5.2"
            },
            "require-dev": {
                "togos/simpler-test": "1.1.1"
            },
            "type": "library",
            "autoload": {
                "psr-0": {
                    "TOGoS_GitIgnore_": "src/main/php/"
                }
            },
            "notification-url": "https://packagist.org/downloads/",
            "license": [
                "MIT"
            ],
            "description": "Parser for .gitignore (and sparse-checkout, and anything else using the same format) files",
            "time": "2019-04-19T19:16:58+00:00"
        }
    ],
    "packages-dev": [],
    "aliases": [],
    "minimum-stability": "stable",
    "stability-flags": {
        "psy/psysh": 0
    },
    "prefer-stable": false,
    "prefer-lowest": false,
    "platform": {
        "php": ">=7.1.3"
    },
    "platform-dev": [],
    "platform-overrides": {
        "php": "7.1.3"
    },
    "plugin-api-version": "2.1.0"
}
